{
  "name": "GR",
  "lockfileVersion": 2,
  "requires": true,
  "packages": {
    "": {
      "devDependencies": {
        "@types/video.js": "^7.3.56"
      }
    },
    "node_modules/@types/video.js": {
      "version": "7.3.56",
      "resolved": "https://registry.npmjs.org/@types/video.js/-/video.js-7.3.56.tgz",
      "integrity": "sha512-T3cp/kDuNj8scIzK87u0uomUDKnYQE1uHAA0zFPNGc0qCF3aLxZmMtpWvGxofEPNOpUfvtbsQMvwbjU42q8omw==",
      "dev": true
    }
  },
  "dependencies": {
    "@types/video.js": {
      "version": "7.3.56",
      "resolved": "https://registry.npmjs.org/@types/video.js/-/video.js-7.3.56.tgz",
      "integrity": "sha512-T3cp/kDuNj8scIzK87u0uomUDKnYQE1uHAA0zFPNGc0qCF3aLxZmMtpWvGxofEPNOpUfvtbsQMvwbjU42q8omw==",
      "dev": true
    }
  }
}
